
Microsoft Visual Studio Solution File, Format Version 12.00
# Visual Studio Version 16
VisualStudioVersion = 16.0.31624.102
MinimumVisualStudioVersion = 10.0.40219.1
Project("{FAE04EC0-301F-11D3-BF4B-00C04F79EFBC}") = "appListaSimple2021", "appListaSimple2021.csproj", "{5677AD43-903A-468F-9D5B-CA58F0B25939}"
EndProject
Global
	GlobalSection(SolutionConfigurationPlatforms) = preSolution
		Debug|Any CPU = Debug|Any CPU
		Release|Any CPU = Release|Any CPU
	EndGlobalSection
	GlobalSection(ProjectConfigurationPlatforms) = postSolution
		{5677AD43-903A-468F-9D5B-CA58F0B25939}.Debug|Any CPU.ActiveCfg = Debug|Any CPU
		{5677AD43-903A-468F-9D5B-CA58F0B25939}.Debug|Any CPU.Build.0 = Debug|Any CPU
		{5677AD43-903A-468F-9D5B-CA58F0B25939}.Release|Any CPU.ActiveCfg = Release|Any CPU
		{5677AD43-903A-468F-9D5B-CA58F0B25939}.Release|Any CPU.Build.0 = Release|Any CPU
	EndGlobalSection
	GlobalSection(SolutionProperties) = preSolution
		HideSolutionNode = FALSE
	EndGlobalSection
	GlobalSection(ExtensibilityGlobals) = postSolution
		SolutionGuid = {2352DD99-A006-48A2-B913-F07595951970}
	EndGlobalSection
EndGlobal
